<?xml version="1.0" encoding="utf-8"?>
<Project ToolsVersion="4.0" xmlns="http://schemas.microsoft.com/developer/msbuild/2003">
  <ItemGroup>
    <Filter Include="Source Files">
      <UniqueIdentifier>{4FC737F1-C7A5-4376-A066-2A32D752A2FF}</UniqueIdentifier>
      <Extensions>cpp;c;cc;cxx;def;odl;idl;hpj;bat;asm;asmx</Extensions>
    </Filter>
    <Filter Include="Header Files">
      <UniqueIdentifier>{93995380-89BD-4b04-88EB-625FBE52EBFB}</UniqueIdentifier>
      <Extensions>h;hh;hpp;hxx;hm;inl;inc;ipp;xsd</Extensions>
    </Filter>
    <Filter Include="Resource Files">
      <UniqueIdentifier>{67DA6AB6-F800-4c08-8B7A-83BB121AAD01}</UniqueIdentifier>
      <Extensions>rc;ico;cur;bmp;dlg;rc2;rct;bin;rgs;gif;jpg;jpeg;jpe;resx;tiff;tif;png;wav;mfcribbon-ms</Extensions>
    </Filter>
  </ItemGroup>
  <ItemGroup>
    <ClCompile Include="MskPlugin.cpp">
      <Filter>Source Files</Filter>
    </ClCompile>
    <ClCompile Include="pch.cpp">
      <Filter>Source Files</Filter>
    </ClCompile>
    <ClCompile Include="CMskPlugin.cpp">
      <Filter>Source Files</Filter>
    </ClCompile>
    <ClCompile Include="CMskRadarScreen.cpp">
      <Filter>Source Files</Filter>
    </ClCompile>
    <ClCompile Include="Common.cpp">
      <Filter>Source Files</Filter>
    </ClCompile>
    <ClCompile Include="ConstraintList.cpp">
      <Filter>Source Files</Filter>
    </ClCompile>
    <ClCompile Include="mycurl.cpp">
      <Filter>Source Files</Filter>
    </ClCompile>
    <ClCompile Include="AircraftExtendedData.cpp">
      <Filter>Source Files</Filter>
    </ClCompile>
    <ClCompile Include="Global.cpp">
      <Filter>Source Files</Filter>
    </ClCompile>
    <ClCompile Include="CCDLC.cpp">
      <Filter>Source Files</Filter>
    </ClCompile>
    <ClCompile Include="QR.cpp">
      <Filter>Source Files</Filter>
    </ClCompile>
    <ClCompile Include="ComputationPool.cpp">
      <Filter>Source Files</Filter>
    </ClCompile>
    <ClCompile Include="AircraftRoute.cpp">
      <Filter>Source Files</Filter>
    </ClCompile>
    <ClCompile Include="ExternalDataProcessor.cpp">
      <Filter>Source Files</Filter>
    </ClCompile>
    <ClCompile Include="ControllerList.cpp">
      <Filter>Source Files</Filter>
    </ClCompile>
    <ClCompile Include="PlaneHistory.cpp">
      <Filter>Source Files</Filter>
    </ClCompile>
    <ClCompile Include="TagProcessor.cpp">
      <Filter>Source Files</Filter>
    </ClCompile>
    <ClCompile Include="AMAN.cpp">
      <Filter>Source Files</Filter>
    </ClCompile>
    <ClCompile Include="AFV.cpp">
      <Filter>Source Files</Filter>
    </ClCompile>
    <ClCompile Include="License.cpp">
      <Filter>Source Files</Filter>
    </ClCompile>
    <ClCompile Include="vector.cpp">
      <Filter>Source Files</Filter>
    </ClCompile>
  </ItemGroup>
  <ItemGroup>
    <None Include="MskPlugin.def">
      <Filter>Source Files</Filter>
    </None>
    <None Include="res\MskPlugin.rc2">
      <Filter>Resource Files</Filter>
    </None>
  </ItemGroup>
  <ItemGroup>
    <ClInclude Include="framework.h">
      <Filter>Header Files</Filter>
    </ClInclude>
    <ClInclude Include="targetver.h">
      <Filter>Header Files</Filter>
    </ClInclude>
    <ClInclude Include="Resource.h">
      <Filter>Header Files</Filter>
    </ClInclude>
    <ClInclude Include="MskPlugin.h">
      <Filter>Header Files</Filter>
    </ClInclude>
    <ClInclude Include="pch.h">
      <Filter>Header Files</Filter>
    </ClInclude>
    <ClInclude Include="..\..\..\..\..\..\Program Files (x86)\EuroScope\PlugInEnvironment\EuroScopePlugIn.h">
      <Filter>Header Files</Filter>
    </ClInclude>
    <ClInclude Include="CMskPlugin.h">
      <Filter>Header Files</Filter>
    </ClInclude>
    <ClInclude Include="CMskRadarScreen.h">
      <Filter>Header Files</Filter>
    </ClInclude>
    <ClInclude Include="Common.h">
      <Filter>Header Files</Filter>
    </ClInclude>
    <ClInclude Include="ConstraintList.h">
      <Filter>Header Files</Filter>
    </ClInclude>
    <ClInclude Include="..\..\sources\libcurl\builds\libcurl-vc-x86-release-static-ssl-static-ipv6-sspi\include\curl\curl.h">
      <Filter>Header Files</Filter>
    </ClInclude>
    <ClInclude Include="mycurl.h">
      <Filter>Header Files</Filter>
    </ClInclude>
    <ClInclude Include="AircraftExtendedData.h">
      <Filter>Header Files</Filter>
    </ClInclude>
    <ClInclude Include="Global.h">
      <Filter>Header Files</Filter>
    </ClInclude>
    <ClInclude Include="Consts.h">
      <Filter>Header Files</Filter>
    </ClInclude>
    <ClInclude Include="CCDLC.h">
      <Filter>Header Files</Filter>
    </ClInclude>
    <ClInclude Include="QR.h">
      <Filter>Header Files</Filter>
    </ClInclude>
    <ClInclude Include="AircraftRoute.h">
      <Filter>Header Files</Filter>
    </ClInclude>
    <ClInclude Include="ComputationPool.h">
      <Filter>Header Files</Filter>
    </ClInclude>
    <ClInclude Include="json.h">
      <Filter>Header Files</Filter>
    </ClInclude>
    <ClInclude Include="ExternalDataProcessor.h">
      <Filter>Header Files</Filter>
    </ClInclude>
    <ClInclude Include="ControllerList.h">
      <Filter>Header Files</Filter>
    </ClInclude>
    <ClInclude Include="PlaneHistory.h">
      <Filter>Header Files</Filter>
    </ClInclude>
    <ClInclude Include="TagProcessor.h">
      <Filter>Header Files</Filter>
    </ClInclude>
    <ClInclude Include="AMAN.h">
      <Filter>Header Files</Filter>
    </ClInclude>
    <ClInclude Include="AFV.h">
      <Filter>Header Files</Filter>
    </ClInclude>
    <ClInclude Include="License.h">
      <Filter>Header Files</Filter>
    </ClInclude>
    <ClInclude Include="vector.h">
      <Filter>Header Files</Filter>
    </ClInclude>
  </ItemGroup>
  <ItemGroup>
    <ResourceCompile Include="MskPlugin.rc">
      <Filter>Resource Files</Filter>
    </ResourceCompile>
  </ItemGroup>
</Project>